// !$*UTF8*$!
{
	archiveVersion = 1;
	classes = {
	};
	objectVersion = 48;
	objects = {

/* Begin PBXBuildFile section */
		402DDB7120EAC496009BE6B4 /* AppDelegate.swift in Sources */ = {isa = PBXBuildFile; fileRef = 402DDB7020EAC496009BE6B4 /* AppDelegate.swift */; };
		402DDB7320EAC496009BE6B4 /* ViewController.swift in Sources */ = {isa = PBXBuildFile; fileRef = 402DDB7220EAC496009BE6B4 /* ViewController.swift */; };
		402DDB7620EAC496009BE6B4 /* Main.storyboard in Resources */ = {isa = PBXBuildFile; fileRef = 402DDB7420EAC496009BE6B4 /* Main.storyboard */; };
		402DDB7820EAC496009BE6B4 /* Assets.xcassets in Resources */ = {isa = PBXBuildFile; fileRef = 402DDB7720EAC496009BE6B4 /* Assets.xcassets */; };
		402DDB7B20EAC496009BE6B4 /* LaunchScreen.storyboard in Resources */ = {isa = PBXBuildFile; fileRef = 402DDB7920EAC496009BE6B4 /* LaunchScreen.storyboard */; };
/* End PBXBuildFile section */

/* Begin PBXFileReference section */
		402DDB6D20EAC496009BE6B4 /* WovelConsonetwithSwitch.app */ = {isa = PBXFileReference; explicitFileType = wrapper.application; includeInIndex = 0; path = WovelConsonetwithSwitch.app; sourceTree = BUILT_PRODUCTS_DIR; };
		402DDB7020EAC496009BE6B4 /* AppDelegate.swift */ = {isa = PBXFileReference; lastKnownFileType = sourcecode.swift; path = AppDelegate.swift; sourceTree = "<group>"; };
		402DDB7220EAC496009BE6B4 /* ViewController.swift */ = {isa = PBXFileReference; lastKnownFileType = sourcecode.swift; path = ViewController.swift; sourceTree = "<group>"; };
		402DDB7520EAC496009BE6B4 /* Base */ = {isa = PBXFileReference; lastKnownFileType = file.storyboard; name = Base; path = Base.lproj/Main.storyboard; sourceTree = "<group>"; };
		402DDB7720EAC496009BE6B4 /* Assets.xcassets */ = {isa = PBXFileReference; lastKnownFileType = folder.assetcatalog; path = Assets.xcassets; sourceTree = "<group>"; };
		402DDB7A20EAC496009BE6B4 /* Base */ = {isa = PBXFileReference; lastKnownFileType = file.storyboard; name = Base; path = Base.lproj/LaunchScreen.storyboard; sourceTree = "<group>"; };
		402DDB7C20EAC496009BE6B4 /* Info.plist */ = {isa = PBXFileReference; lastKnownFileType = text.plist.xml; path = Info.plist; sourceTree = "<group>"; };
/* End PBXFileReference section */

/* Begin PBXFrameworksBuildPhase section */
		402DDB6A20EAC496009BE6B4 /* Frameworks */ = {
			isa = PBXFrameworksBuildPhase;
			buildActionMask = 2147483647;
			files = (
			);
			runOnlyForDeploymentPostprocessing = 0;
		};
/* End PBXFrameworksBuildPhase section */

/* Begin PBXGroup section */
		402DDB6420EAC496009BE6B4 = {
			isa = PBXGroup;
			children = (
				402DDB6F20EAC496009BE6B4 /* WovelConsonetwithSwitch */,
				402DDB6E20EAC496009BE6B4 /* Products */,
			);
			sourceTree = "<group>";
		};
		402DDB6E20EAC496009BE6B4 /* Products */ = {
			isa = PBXGroup;
			children = (
				402DDB6D20EAC496009BE6B4 /* WovelConsonetwithSwitch.app */,
			);
			name = Products;
			sourceTree = "<group>";
		};
		402DDB6F20EAC496009BE6B4 /* WovelConsonetwithSwitch */ = {
			isa = PBXGroup;
			children = (
				402DDB7020EAC496009BE6B4 /* AppDelegate.swift */,
				402DDB7220EAC496009BE6B4 /* ViewController.swift */,
				402DDB7420EAC496009BE6B4 /* Main.storyboard */,
				402DDB7720EAC496009BE6B4 /* Assets.xcassets */,
				402DDB7920EAC496009BE6B4 /* LaunchScreen.storyboard */,
				402DDB7C20EAC496009BE6B4 /* Info.plist */,
			);
			path = WovelConsonetwithSwitch;
			sourceTree = "<group>";
		};
/* End PBXGroup section */

/* Begin PBXNativeTarget section */
		402DDB6C20EAC496009BE6B4 /* WovelConsonetwithSwitch */ = {
			isa = PBXNativeTarget;
			buildConfigurationList = 402DDB7F20EAC496009BE6B4 /* Build configuration list for PBXNativeTarget "WovelConsonetwithSwitch" */;
			buildPhases = (
				402DDB6920EAC496009BE6B4 /* Sources */,
				402DDB6A20EAC496009BE6B4 /* Frameworks */,
				402DDB6B20EAC496009BE6B4 /* Resources */,
			);
			buildRules = (
			);
			dependencies = (
			);
			name = WovelConsonetwithSwitch;
			productName = WovelConsonetwithSwitch;
			productReference = 402DDB6D20EAC496009BE6B4 /* WovelConsonetwithSwitch.app */;
			productType = "com.apple.product-type.application";
		};
/* End PBXNativeTarget section */

/* Begin PBXProject section */
		402DDB6520EAC496009BE6B4 /* Project object */ = {
			isa = PBXProject;
			attributes = {
				LastSwiftUpdateCheck = 0900;
				LastUpgradeCheck = 0900;
				ORGANIZATIONNAME = "Raksha Singh";
				TargetAttributes = {
					402DDB6C20EAC496009BE6B4 = {
						CreatedOnToolsVersion = 9.0;
						ProvisioningStyle = Automatic;
					};
				};
			};
			buildConfigurationList = 402DDB6820EAC496009BE6B4 /* Build configuration list for PBXProject "WovelConsonetwithSwitch" */;
			compatibilityVersion = "Xcode 8.0";
			developmentRegion = en;
			hasScannedForEncodings = 0;
			knownRegions = (
				en,
				Base,
			);
			mainGroup = 402DDB6420EAC496009BE6B4;
			productRefGroup = 402DDB6E20EAC496009BE6B4 /* Products */;
			projectDirPath = "";
			projectRoot = "";
			targets = (
				402DDB6C20EAC496009BE6B4 /* WovelConsonetwithSwitch */,
			);
		};
/* End PBXProject section */

/* Begin PBXResourcesBuildPhase section */
		402DDB6B20EAC496009BE6B4 /* Resources */ = {
			isa = PBXResourcesBuildPhase;
			buildActionMask = 2147483647;
			files = (
				402DDB7B20EAC496009BE6B4 /* LaunchScreen.storyboard in Resources */,
				402DDB7820EAC496009BE6B4 /* Assets.xcassets in Resources */,
				402DDB7620EAC496009BE6B4 /* Main.storyboard in Resources */,
			);
			runOnlyForDeploymentPostprocessing = 0;
		};
/* End PBXResourcesBuildPhase section */

/* Begin PBXSourcesBuildPhase section */
		402DDB6920EAC496009BE6B4 /* Sources */ = {
			isa = PBXSourcesBuildPhase;
			buildActionMask = 2147483647;
			files = (
				402DDB7320EAC496009BE6B4 /* ViewController.swift in Sources */,
				402DDB7120EAC496009BE6B4 /* AppDelegate.swift in Sources */,
			);
			runOnlyForDeploymentPostprocessing = 0;
		};
/* End PBXSourcesBuildPhase section */

/* Begin PBXVariantGroup section */
		402DDB7420EAC496009BE6B4 /* Main.storyboard */ = {
			isa = PBXVariantGroup;
			children = (
				402DDB7520EAC496009BE6B4 /* Base */,
			);
			name = Main.storyboard;
			sourceTree = "<group>";
		};
		402DDB7920EAC496009BE6B4 /* LaunchScreen.storyboard */ = {
			isa = PBXVariantGroup;
			children = (
				402DDB7A20EAC496009BE6B4 /* Base */,
			);
			name = LaunchScreen.storyboard;
			sourceTree = "<group>";
		};
/* End PBXVariantGroup section */

/* Begin XCBuildConfiguration section */
		402DDB7D20EAC496009BE6B4 /* Debug */ = {
			isa = XCBuildConfiguration;
			buildSettings = {
				ALWAYS_SEARCH_USER_PATHS = NO;
				CLANG_ANALYZER_NONNULL = YES;
				CLANG_ANALYZER_NUMBER_OBJECT_CONVERSION = YES_AGGRESSIVE;
				CLANG_CXX_LANGUAGE_STANDARD = "gnu++14";
				CLANG_CXX_LIBRARY = "libc++";
				CLANG_ENABLE_MODULES = YES;
				CLANG_ENABLE_OBJC_ARC = YES;
				CLANG_WARN_BLOCK_CAPTURE_AUTORELEASING = YES;
				CLANG_WARN_BOOL_CONVERSION = YES;
				CLANG_WARN_COMMA = YES;
				CLANG_WARN_CONSTANT_CONVERSION = YES;
				CLANG_WARN_DIRECT_OBJC_ISA_USAGE = YES_ERROR;
				CLANG_WARN_DOCUMENTATION_COMMENTS = YES;
				CLANG_WARN_EMPTY_BODY = YES;
				CLANG_WARN_ENUM_CONVERSION = YES;
				CLANG_WARN_INFINITE_RECURSION = YES;
				CLANG_WARN_INT_CONVERSION = YES;
				CLANG_WARN_NON_LITERAL_NULL_CONVERSION = YES;
				CLANG_WARN_OBJC_LITERAL_CONVERSION = YES;
				CLANG_WARN_OBJC_ROOT_CLASS = YES_ERROR;
				CLANG_WARN_RANGE_LOOP_ANALYSIS = YES;
				CLANG_WARN_STRICT_PROTOTYPES = YES;
				CLANG_WARN_SUSPICIOUS_MOVE = YES;
				CLANG_WARN_UNGUARDED_AVAILABILITY = YES_AGGRESSIVE;
				CLANG_WARN_UNREACHABLE_CODE = YES;
				CLANG_WARN__DUPLICATE_METHOD_MATCH = YES;
				CODE_SIGN_IDENTITY = "iPhone Developer";
				COPY_PHASE_STRIP = NO;
				DEBUG_INFORMATION_FORMAT = dwarf;
				ENABLE_STRICT_OBJC_MSGSEND = YES;
				ENABLE_TESTABILITY = YES;
				GCC_C_LANGUAGE_STANDARD = gnu11;
				GCC_DYNAMIC_NO_PIC = NO;
				GCC_NO_COMMON_BLOCKS = YES;
				GCC_OPTIMIZATION_LEVEL = 0;
				GCC_PREPROCESSOR_DEFINITIONS = (
					"DEBUG=1",
					"$(inherited)",
				);
				GCC_WARN_64_TO_32_BIT_CONVERSION = YES;
				GCC_WARN_ABOUT_RETURN_TYPE = YES_ERROR;
				GCC_WARN_UNDECLARED_SELECTOR = YES;
				GCC_WARN_UNINITIALIZED_AUTOS = YES_AGGRESSIVE;
				GCC_WARN_UNUSED_FUNCTION = YES;
				GCC_WARN_UNUSED_VARIABLE = YES;
				IPHONEOS_DEPLOYMENT_TARGET = 11.0;
				MTL_ENABLE_DEBUG_INFO = YES;
				ONLY_ACTIVE_ARCH = YES;
				SDKROOT = iphoneos;
				SWIFT_ACTIVE_COMPILATION_CONDITIONS = DEBUG;
				SWIFT_OPTIMIZATION_LEVEL = "-Onone";
			};
			name = Debug;
		};
		402DDB7E20EAC496009BE6B4 /* Release */ = {
			isa = XCBuildConfiguration;
			buildSettings = {
				ALWAYS_SEARCH_USER_PATHS = NO;
				CLANG_ANALYZER_NONNULL = YES;
				CLANG_ANALYZER_NUMBER_OBJECT_CONVERSION = YES_AGGRESSIVE;
				CLANG_CXX_LANGUAGE_STANDARD = "gnu++14";
				CLANG_CXX_LIBRARY = "libc++";
				CLANG_ENABLE_MODULES = YES;
				CLANG_ENABLE_OBJC_ARC = YES;
				CLANG_WARN_BLOCK_CAPTURE_AUTORELEASING = YES;
				CLANG_WARN_BOOL_CONVERSION = YES;
				CLANG_WARN_COMMA = YES;
				CLANG_WARN_CONSTANT_CONVERSION = YES;
				CLANG_WARN_DIRECT_OBJC_ISA_USAGE = YES_ERROR;
				CLANG_WARN_DOCUMENTATION_COMMENTS = YES;
				CLANG_WARN_EMPTY_BODY = YES;
				CLANG_WARN_ENUM_CONVERSION = YES;
				CLANG_WARN_INFINITE_RECURSION = YES;
				CLANG_WARN_INT_CONVERSION = YES;
				CLANG_WARN_NON_LITERAL_NULL_CONVERSION = YES;
				CLANG_WARN_OBJC_LITERAL_CONVERSION = YES;
				CLANG_WARN_OBJC_ROOT_CLASS = YES_ERROR;
				CLANG_WARN_RANGE_LOOP_ANALYSIS = YES;
				CLANG_WARN_STRICT_PROTOTYPES = YES;
				CLANG_WARN_SUSPICIOUS_MOVE = YES;
				CLANG_WARN_UNGUARDED_AVAILABILITY = YES_AGGRESSIVE;
				CLANG_WARN_UNREACHABLE_CODE = YES;
				CLANG_WARN__DUPLICATE_METHOD_MATCH = YES;
				CODE_SIGN_IDENTITY = "iPhone Developer";
				COPY_PHASE_STRIP = NO;
				DEBUG_INFORMATION_FORMAT = "dwarf-with-dsym";
				ENABLE_NS_ASSERTIONS = NO;
				ENABLE_STRICT_OBJC_MSGSEND = YES;
				GCC_C_LANGUAGE_STANDARD = gnu11;
				GCC_NO_COMMON_BLOCKS = YES;
				GCC_WARN_64_TO_32_BIT_CONVERSION = YES;
				GCC_WARN_ABOUT_RETURN_TYPE = YES_ERROR;
				GCC_WARN_UNDECLARED_SELECTOR = YES;
				GCC_WARN_UNINITIALIZED_AUTOS = YES_AGGRESSIVE;
				GCC_WARN_UNUSED_FUNCTION = YES;
				GCC_WARN_UNUSED_VARIABLE = YES;
				IPHONEOS_DEPLOYMENT_TARGET = 11.0;
				MTL_ENABLE_DEBUG_INFO = NO;
				SDKROOT = iphoneos;
				SWIFT_OPTIMIZATION_LEVEL = "-Owholemodule";
				VALIDATE_PRODUCT = YES;
			};
			name = Release;
		};
		402DDB8020EAC496009BE6B4 /* Debug */ = {
			isa = XCBuildConfiguration;
			buildSettings = {
				ASSETCATALOG_COMPILER_APPICON_NAME = AppIcon;
				CODE_SIGN_STYLE = Automatic;
				INFOPLIST_FILE = WovelConsonetwithSwitch/Info.plist;
				LD_RUNPATH_SEARCH_PATHS = "$(inherited) @executable_path/Frameworks";
				PRODUCT_BUNDLE_IDENTIFIER = com.rakshasingh.WovelConsonetwithSwitch;
				PRODUCT_NAME = "$(TARGET_NAME)";
				SWIFT_VERSION = 4.0;
				TARGETED_DEVICE_FAMILY = "1,2";
			};
			name = Debug;
		};
		402DDB8120EAC496009BE6B4 /* Release */ = {
			isa = XCBuildConfiguration;
			buildSettings = {
				ASSETCATALOG_COMPILER_APPICON_NAME = AppIcon;
				CODE_SIGN_STYLE = Automatic;
				INFOPLIST_FILE = WovelConsonetwithSwitch/Info.plist;
				LD_RUNPATH_SEARCH_PATHS = "$(inherited) @executable_path/Frameworks";
				PRODUCT_BUNDLE_IDENTIFIER = com.rakshasingh.WovelConsonetwithSwitch;
				PRODUCT_NAME = "$(TARGET_NAME)";
				SWIFT_VERSION = 4.0;
				TARGETED_DEVICE_FAMILY = "1,2";
			};
			name = Release;
		};
/* End XCBuildConfiguration section */

/* Begin XCConfigurationList section */
		402DDB6820EAC496009BE6B4 /* Build configuration list for PBXProject "WovelConsonetwithSwitch" */ = {
			isa = XCConfigurationList;
			buildConfigurations = (
				402DDB7D20EAC496009BE6B4 /* Debug */,
				402DDB7E20EAC496009BE6B4 /* Release */,
			);
			defaultConfigurationIsVisible = 0;
			defaultConfigurationName = Release;
		};
		402DDB7F20EAC496009BE6B4 /* Build configuration list for PBXNativeTarget "WovelConsonetwithSwitch" */ = {
			isa = XCConfigurationList;
			buildConfigurations = (
				402DDB8020EAC496009BE6B4 /* Debug */,
				402DDB8120EAC496009BE6B4 /* Release */,
			);
			defaultConfigurationIsVisible = 0;
			defaultConfigurationName = Release;
		};
/* End XCConfigurationList section */
	};
	rootObject = 402DDB6520EAC496009BE6B4 /* Project object */;
}
